// !$*UTF8*$!
{
	archiveVersion = 1;
	classes = {
	};
	objectVersion = 56;
	objects = {

/* Begin PBXBuildFile section */
		5041A4C15E4A80AFB099533C /* Pods_Foodie_FoodieUITests.framework in Frameworks */ = {isa = PBXBuildFile; fileRef = 4A6B0645A7F0CEF62DF92096 /* Pods_Foodie_FoodieUITests.framework */; };
		9193F3347C7CA1A8FA0B7F32 /* Pods_Foodie.framework in Frameworks */ = {isa = PBXBuildFile; fileRef = D5DC6B3AFFCE8CB776FC92D2 /* Pods_Foodie.framework */; };
		95240D2E2A0A7EBB00F45263 /* AppDelegate.swift in Sources */ = {isa = PBXBuildFile; fileRef = 95240D2D2A0A7EBB00F45263 /* AppDelegate.swift */; };
		95240D302A0A7EBB00F45263 /* SceneDelegate.swift in Sources */ = {isa = PBXBuildFile; fileRef = 95240D2F2A0A7EBB00F45263 /* SceneDelegate.swift */; };
		95240D352A0A7EBB00F45263 /* Main.storyboard in Resources */ = {isa = PBXBuildFile; fileRef = 95240D332A0A7EBB00F45263 /* Main.storyboard */; };
		95240D372A0A7EBE00F45263 /* Assets.xcassets in Resources */ = {isa = PBXBuildFile; fileRef = 95240D362A0A7EBE00F45263 /* Assets.xcassets */; };
		95240D3A2A0A7EBE00F45263 /* LaunchScreen.storyboard in Resources */ = {isa = PBXBuildFile; fileRef = 95240D382A0A7EBE00F45263 /* LaunchScreen.storyboard */; };
		95240D452A0A7EBE00F45263 /* FoodieTests.swift in Sources */ = {isa = PBXBuildFile; fileRef = 95240D442A0A7EBE00F45263 /* FoodieTests.swift */; };
		95240D4F2A0A7EBE00F45263 /* FoodieUITests.swift in Sources */ = {isa = PBXBuildFile; fileRef = 95240D4E2A0A7EBE00F45263 /* FoodieUITests.swift */; };
		95240D512A0A7EBE00F45263 /* FoodieUITestsLaunchTests.swift in Sources */ = {isa = PBXBuildFile; fileRef = 95240D502A0A7EBE00F45263 /* FoodieUITestsLaunchTests.swift */; };
		95240D632A0B1B2300F45263 /* OnboardingViewController.swift in Sources */ = {isa = PBXBuildFile; fileRef = 95240D622A0B1B2300F45263 /* OnboardingViewController.swift */; };
		95240D662A0B40B400F45263 /* UIViewExtensions.swift in Sources */ = {isa = PBXBuildFile; fileRef = 95240D652A0B40B400F45263 /* UIViewExtensions.swift */; };
		95240D682A0B440700F45263 /* OnboardingSlides.swift in Sources */ = {isa = PBXBuildFile; fileRef = 95240D672A0B440700F45263 /* OnboardingSlides.swift */; };
		95240D6A2A0BCE4300F45263 /* OnboardingCollectionViewCell.swift in Sources */ = {isa = PBXBuildFile; fileRef = 95240D692A0BCE4200F45263 /* OnboardingCollectionViewCell.swift */; };
		95240D6D2A11C0AC00F45263 /* HomeViewController.swift in Sources */ = {isa = PBXBuildFile; fileRef = 95240D6C2A11C0AC00F45263 /* HomeViewController.swift */; };
		95240D752A13E68A00F45263 /* CategoryCollectionViewCell.swift in Sources */ = {isa = PBXBuildFile; fileRef = 95240D732A13E68A00F45263 /* CategoryCollectionViewCell.swift */; };
		95240D762A13E68A00F45263 /* CategoryCollectionViewCell.xib in Resources */ = {isa = PBXBuildFile; fileRef = 95240D742A13E68A00F45263 /* CategoryCollectionViewCell.xib */; };
		95240D782A13EAAB00F45263 /* DishCategory.swift in Sources */ = {isa = PBXBuildFile; fileRef = 95240D772A13EAAB00F45263 /* DishCategory.swift */; };
		95240D7A2A14472F00F45263 /* String+Extensions.swift in Sources */ = {isa = PBXBuildFile; fileRef = 95240D792A14472F00F45263 /* String+Extensions.swift */; };
		95240D7D2A159DDE00F45263 /* CardView.swift in Sources */ = {isa = PBXBuildFile; fileRef = 95240D7C2A159DDE00F45263 /* CardView.swift */; };
		95240D822A15A8B500F45263 /* DishPortraitCollectionViewCell.swift in Sources */ = {isa = PBXBuildFile; fileRef = 95240D802A15A8B500F45263 /* DishPortraitCollectionViewCell.swift */; };
		95240D832A15A8B500F45263 /* DishPortraitCollectionViewCell.xib in Resources */ = {isa = PBXBuildFile; fileRef = 95240D812A15A8B500F45263 /* DishPortraitCollectionViewCell.xib */; };
		95240D852A15AC0A00F45263 /* Dish.swift in Sources */ = {isa = PBXBuildFile; fileRef = 95240D842A15AC0A00F45263 /* Dish.swift */; };
		95240D892A16E34B00F45263 /* DishLandscapeCollectionViewCell.swift in Sources */ = {isa = PBXBuildFile; fileRef = 95240D872A16E34B00F45263 /* DishLandscapeCollectionViewCell.swift */; };
		95240D8A2A16E34B00F45263 /* DishLandscapeCollectionViewCell.xib in Resources */ = {isa = PBXBuildFile; fileRef = 95240D882A16E34B00F45263 /* DishLandscapeCollectionViewCell.xib */; };
		95240D8D2A16FB7000F45263 /* DishDetailViewController.swift in Sources */ = {isa = PBXBuildFile; fileRef = 95240D8C2A16FB7000F45263 /* DishDetailViewController.swift */; };
		95240D8F2A18527900F45263 /* UIViewControllerExtension.swift in Sources */ = {isa = PBXBuildFile; fileRef = 95240D8E2A18527800F45263 /* UIViewControllerExtension.swift */; };
		95240D922A1AD90F00F45263 /* ListOrdersViewController.swift in Sources */ = {isa = PBXBuildFile; fileRef = 95240D912A1AD90F00F45263 /* ListOrdersViewController.swift */; };
		95240D982A1ADBEE00F45263 /* ListOrdersTableViewCell.swift in Sources */ = {isa = PBXBuildFile; fileRef = 95240D962A1ADBEE00F45263 /* ListOrdersTableViewCell.swift */; };
		95240D992A1ADBEE00F45263 /* ListOrdersTableViewCell.xib in Resources */ = {isa = PBXBuildFile; fileRef = 95240D972A1ADBEE00F45263 /* ListOrdersTableViewCell.xib */; };
		95240D9B2A1ADD3C00F45263 /* Order.swift in Sources */ = {isa = PBXBuildFile; fileRef = 95240D9A2A1ADD3C00F45263 /* Order.swift */; };
		95240D9E2A1C213300F45263 /* OrdersListUViewController.swift in Sources */ = {isa = PBXBuildFile; fileRef = 95240D9D2A1C213300F45263 /* OrdersListUViewController.swift */; };
		9A4A72A0AAA5ECD91B321306 /* Pods_FoodieTests.framework in Frameworks */ = {isa = PBXBuildFile; fileRef = E12A54A92DDD6D8E70BD5242 /* Pods_FoodieTests.framework */; };
/* End PBXBuildFile section */

/* Begin PBXContainerItemProxy section */
		95240D412A0A7EBE00F45263 /* PBXContainerItemProxy */ = {
			isa = PBXContainerItemProxy;
			containerPortal = 95240D222A0A7EBB00F45263 /* Project object */;
			proxyType = 1;
			remoteGlobalIDString = 95240D292A0A7EBB00F45263;
			remoteInfo = Foodie;
		};
		95240D4B2A0A7EBE00F45263 /* PBXContainerItemProxy */ = {
			isa = PBXContainerItemProxy;
			containerPortal = 95240D222A0A7EBB00F45263 /* Project object */;
			proxyType = 1;
			remoteGlobalIDString = 95240D292A0A7EBB00F45263;
			remoteInfo = Foodie;
		};
/* End PBXContainerItemProxy section */

/* Begin PBXFileReference section */
		2D991227BB080E8EABB44884 /* Pods-Foodie.release.xcconfig */ = {isa = PBXFileReference; includeInIndex = 1; lastKnownFileType = text.xcconfig; name = "Pods-Foodie.release.xcconfig"; path = "Target Support Files/Pods-Foodie/Pods-Foodie.release.xcconfig"; sourceTree = "<group>"; };
		418215469CFCF7BA6E23E3BE /* Pods-FoodieTests.release.xcconfig */ = {isa = PBXFileReference; includeInIndex = 1; lastKnownFileType = text.xcconfig; name = "Pods-FoodieTests.release.xcconfig"; path = "Target Support Files/Pods-FoodieTests/Pods-FoodieTests.release.xcconfig"; sourceTree = "<group>"; };
		4A6B0645A7F0CEF62DF92096 /* Pods_Foodie_FoodieUITests.framework */ = {isa = PBXFileReference; explicitFileType = wrapper.framework; includeInIndex = 0; path = Pods_Foodie_FoodieUITests.framework; sourceTree = BUILT_PRODUCTS_DIR; };
		90626B57ED94FB9FF4B303E5 /* Pods-Foodie.debug.xcconfig */ = {isa = PBXFileReference; includeInIndex = 1; lastKnownFileType = text.xcconfig; name = "Pods-Foodie.debug.xcconfig"; path = "Target Support Files/Pods-Foodie/Pods-Foodie.debug.xcconfig"; sourceTree = "<group>"; };
		95240D2A2A0A7EBB00F45263 /* Foodie.app */ = {isa = PBXFileReference; explicitFileType = wrapper.application; includeInIndex = 0; path = Foodie.app; sourceTree = BUILT_PRODUCTS_DIR; };
		95240D2D2A0A7EBB00F45263 /* AppDelegate.swift */ = {isa = PBXFileReference; lastKnownFileType = sourcecode.swift; path = AppDelegate.swift; sourceTree = "<group>"; };
		95240D2F2A0A7EBB00F45263 /* SceneDelegate.swift */ = {isa = PBXFileReference; lastKnownFileType = sourcecode.swift; path = SceneDelegate.swift; sourceTree = "<group>"; };
		95240D342A0A7EBB00F45263 /* Base */ = {isa = PBXFileReference; lastKnownFileType = file.storyboard; name = Base; path = Base.lproj/Main.storyboard; sourceTree = "<group>"; };
		95240D362A0A7EBE00F45263 /* Assets.xcassets */ = {isa = PBXFileReference; lastKnownFileType = folder.assetcatalog; path = Assets.xcassets; sourceTree = "<group>"; };
		95240D392A0A7EBE00F45263 /* Base */ = {isa = PBXFileReference; lastKnownFileType = file.storyboard; name = Base; path = Base.lproj/LaunchScreen.storyboard; sourceTree = "<group>"; };
		95240D3B2A0A7EBE00F45263 /* Info.plist */ = {isa = PBXFileReference; lastKnownFileType = text.plist.xml; path = Info.plist; sourceTree = "<group>"; };
		95240D402A0A7EBE00F45263 /* FoodieTests.xctest */ = {isa = PBXFileReference; explicitFileType = wrapper.cfbundle; includeInIndex = 0; path = FoodieTests.xctest; sourceTree = BUILT_PRODUCTS_DIR; };
		95240D442A0A7EBE00F45263 /* FoodieTests.swift */ = {isa = PBXFileReference; lastKnownFileType = sourcecode.swift; path = FoodieTests.swift; sourceTree = "<group>"; };
		95240D4A2A0A7EBE00F45263 /* FoodieUITests.xctest */ = {isa = PBXFileReference; explicitFileType = wrapper.cfbundle; includeInIndex = 0; path = FoodieUITests.xctest; sourceTree = BUILT_PRODUCTS_DIR; };
		95240D4E2A0A7EBE00F45263 /* FoodieUITests.swift */ = {isa = PBXFileReference; lastKnownFileType = sourcecode.swift; path = FoodieUITests.swift; sourceTree = "<group>"; };
		95240D502A0A7EBE00F45263 /* FoodieUITestsLaunchTests.swift */ = {isa = PBXFileReference; lastKnownFileType = sourcecode.swift; path = FoodieUITestsLaunchTests.swift; sourceTree = "<group>"; };
		95240D622A0B1B2300F45263 /* OnboardingViewController.swift */ = {isa = PBXFileReference; lastKnownFileType = sourcecode.swift; path = OnboardingViewController.swift; sourceTree = "<group>"; };
		95240D652A0B40B400F45263 /* UIViewExtensions.swift */ = {isa = PBXFileReference; lastKnownFileType = sourcecode.swift; path = UIViewExtensions.swift; sourceTree = "<group>"; };
		95240D672A0B440700F45263 /* OnboardingSlides.swift */ = {isa = PBXFileReference; lastKnownFileType = sourcecode.swift; path = OnboardingSlides.swift; sourceTree = "<group>"; };
		95240D692A0BCE4200F45263 /* OnboardingCollectionViewCell.swift */ = {isa = PBXFileReference; lastKnownFileType = sourcecode.swift; path = OnboardingCollectionViewCell.swift; sourceTree = "<group>"; };
		95240D6C2A11C0AC00F45263 /* HomeViewController.swift */ = {isa = PBXFileReference; lastKnownFileType = sourcecode.swift; path = HomeViewController.swift; sourceTree = "<group>"; };
		95240D732A13E68A00F45263 /* CategoryCollectionViewCell.swift */ = {isa = PBXFileReference; lastKnownFileType = sourcecode.swift; path = CategoryCollectionViewCell.swift; sourceTree = "<group>"; };
		95240D742A13E68A00F45263 /* CategoryCollectionViewCell.xib */ = {isa = PBXFileReference; lastKnownFileType = file.xib; path = CategoryCollectionViewCell.xib; sourceTree = "<group>"; };
		95240D772A13EAAB00F45263 /* DishCategory.swift */ = {isa = PBXFileReference; lastKnownFileType = sourcecode.swift; path = DishCategory.swift; sourceTree = "<group>"; };
		95240D792A14472F00F45263 /* String+Extensions.swift */ = {isa = PBXFileReference; lastKnownFileType = sourcecode.swift; path = "String+Extensions.swift"; sourceTree = "<group>"; };
		95240D7C2A159DDE00F45263 /* CardView.swift */ = {isa = PBXFileReference; lastKnownFileType = sourcecode.swift; path = CardView.swift; sourceTree = "<group>"; };
		95240D802A15A8B500F45263 /* DishPortraitCollectionViewCell.swift */ = {isa = PBXFileReference; lastKnownFileType = sourcecode.swift; path = DishPortraitCollectionViewCell.swift; sourceTree = "<group>"; };
		95240D812A15A8B500F45263 /* DishPortraitCollectionViewCell.xib */ = {isa = PBXFileReference; lastKnownFileType = file.xib; path = DishPortraitCollectionViewCell.xib; sourceTree = "<group>"; };
		95240D842A15AC0A00F45263 /* Dish.swift */ = {isa = PBXFileReference; lastKnownFileType = sourcecode.swift; path = Dish.swift; sourceTree = "<group>"; };
		95240D872A16E34B00F45263 /* DishLandscapeCollectionViewCell.swift */ = {isa = PBXFileReference; lastKnownFileType = sourcecode.swift; path = DishLandscapeCollectionViewCell.swift; sourceTree = "<group>"; };
		95240D882A16E34B00F45263 /* DishLandscapeCollectionViewCell.xib */ = {isa = PBXFileReference; lastKnownFileType = file.xib; path = DishLandscapeCollectionViewCell.xib; sourceTree = "<group>"; };
		95240D8C2A16FB7000F45263 /* DishDetailViewController.swift */ = {isa = PBXFileReference; lastKnownFileType = sourcecode.swift; path = DishDetailViewController.swift; sourceTree = "<group>"; };
		95240D8E2A18527800F45263 /* UIViewControllerExtension.swift */ = {isa = PBXFileReference; lastKnownFileType = sourcecode.swift; path = UIViewControllerExtension.swift; sourceTree = "<group>"; };
		95240D912A1AD90F00F45263 /* ListOrdersViewController.swift */ = {isa = PBXFileReference; lastKnownFileType = sourcecode.swift; path = ListOrdersViewController.swift; sourceTree = "<group>"; };
		95240D962A1ADBEE00F45263 /* ListOrdersTableViewCell.swift */ = {isa = PBXFileReference; lastKnownFileType = sourcecode.swift; path = ListOrdersTableViewCell.swift; sourceTree = "<group>"; };
		95240D972A1ADBEE00F45263 /* ListOrdersTableViewCell.xib */ = {isa = PBXFileReference; lastKnownFileType = file.xib; path = ListOrdersTableViewCell.xib; sourceTree = "<group>"; };
		95240D9A2A1ADD3C00F45263 /* Order.swift */ = {isa = PBXFileReference; lastKnownFileType = sourcecode.swift; path = Order.swift; sourceTree = "<group>"; };
		95240D9D2A1C213300F45263 /* OrdersListUViewController.swift */ = {isa = PBXFileReference; lastKnownFileType = sourcecode.swift; path = OrdersListUViewController.swift; sourceTree = "<group>"; };
		C4A9A77AF80C68618A4B8FD5 /* Pods-Foodie-FoodieUITests.release.xcconfig */ = {isa = PBXFileReference; includeInIndex = 1; lastKnownFileType = text.xcconfig; name = "Pods-Foodie-FoodieUITests.release.xcconfig"; path = "Target Support Files/Pods-Foodie-FoodieUITests/Pods-Foodie-FoodieUITests.release.xcconfig"; sourceTree = "<group>"; };
		CA8C2A0B7DC450EA00E01639 /* Pods-Foodie-FoodieUITests.debug.xcconfig */ = {isa = PBXFileReference; includeInIndex = 1; lastKnownFileType = text.xcconfig; name = "Pods-Foodie-FoodieUITests.debug.xcconfig"; path = "Target Support Files/Pods-Foodie-FoodieUITests/Pods-Foodie-FoodieUITests.debug.xcconfig"; sourceTree = "<group>"; };
		D5DC6B3AFFCE8CB776FC92D2 /* Pods_Foodie.framework */ = {isa = PBXFileReference; explicitFileType = wrapper.framework; includeInIndex = 0; path = Pods_Foodie.framework; sourceTree = BUILT_PRODUCTS_DIR; };
		E12A54A92DDD6D8E70BD5242 /* Pods_FoodieTests.framework */ = {isa = PBXFileReference; explicitFileType = wrapper.framework; includeInIndex = 0; path = Pods_FoodieTests.framework; sourceTree = BUILT_PRODUCTS_DIR; };
		E7279B8E4838C06C570D04D4 /* Pods-FoodieTests.debug.xcconfig */ = {isa = PBXFileReference; includeInIndex = 1; lastKnownFileType = text.xcconfig; name = "Pods-FoodieTests.debug.xcconfig"; path = "Target Support Files/Pods-FoodieTests/Pods-FoodieTests.debug.xcconfig"; sourceTree = "<group>"; };
/* End PBXFileReference section */

/* Begin PBXFrameworksBuildPhase section */
		95240D272A0A7EBB00F45263 /* Frameworks */ = {
			isa = PBXFrameworksBuildPhase;
			buildActionMask = 2147483647;
			files = (
				9193F3347C7CA1A8FA0B7F32 /* Pods_Foodie.framework in Frameworks */,
			);
			runOnlyForDeploymentPostprocessing = 0;
		};
		95240D3D2A0A7EBE00F45263 /* Frameworks */ = {
			isa = PBXFrameworksBuildPhase;
			buildActionMask = 2147483647;
			files = (
				9A4A72A0AAA5ECD91B321306 /* Pods_FoodieTests.framework in Frameworks */,
			);
			runOnlyForDeploymentPostprocessing = 0;
		};
		95240D472A0A7EBE00F45263 /* Frameworks */ = {
			isa = PBXFrameworksBuildPhase;
			buildActionMask = 2147483647;
			files = (
				5041A4C15E4A80AFB099533C /* Pods_Foodie_FoodieUITests.framework in Frameworks */,
			);
			runOnlyForDeploymentPostprocessing = 0;
		};
/* End PBXFrameworksBuildPhase section */

/* Begin PBXGroup section */
		8581245295F0C466BD35C46B /* Frameworks */ = {
			isa = PBXGroup;
			children = (
				D5DC6B3AFFCE8CB776FC92D2 /* Pods_Foodie.framework */,
				4A6B0645A7F0CEF62DF92096 /* Pods_Foodie_FoodieUITests.framework */,
				E12A54A92DDD6D8E70BD5242 /* Pods_FoodieTests.framework */,
			);
			name = Frameworks;
			sourceTree = "<group>";
		};
		95240D212A0A7EBB00F45263 = {
			isa = PBXGroup;
			children = (
				95240D2C2A0A7EBB00F45263 /* Foodie */,
				95240D432A0A7EBE00F45263 /* FoodieTests */,
				95240D4D2A0A7EBE00F45263 /* FoodieUITests */,
				95240D2B2A0A7EBB00F45263 /* Products */,
				DD69B62793494B49FE0B87D1 /* Pods */,
				8581245295F0C466BD35C46B /* Frameworks */,
			);
			sourceTree = "<group>";
		};
		95240D2B2A0A7EBB00F45263 /* Products */ = {
			isa = PBXGroup;
			children = (
				95240D2A2A0A7EBB00F45263 /* Foodie.app */,
				95240D402A0A7EBE00F45263 /* FoodieTests.xctest */,
				95240D4A2A0A7EBE00F45263 /* FoodieUITests.xctest */,
			);
			name = Products;
			sourceTree = "<group>";
		};
		95240D2C2A0A7EBB00F45263 /* Foodie */ = {
			isa = PBXGroup;
			children = (
				95240D6E2A13E5C000F45263 /* CustomeViews */,
				95240D642A0B408100F45263 /* Extensions */,
				95240D5F2A0B1A8700F45263 /* Model */,
				95240D602A0B1A9200F45263 /* View */,
				95240D2D2A0A7EBB00F45263 /* AppDelegate.swift */,
				95240D2F2A0A7EBB00F45263 /* SceneDelegate.swift */,
				95240D332A0A7EBB00F45263 /* Main.storyboard */,
				95240D362A0A7EBE00F45263 /* Assets.xcassets */,
				95240D382A0A7EBE00F45263 /* LaunchScreen.storyboard */,
				95240D3B2A0A7EBE00F45263 /* Info.plist */,
			);
			path = Foodie;
			sourceTree = "<group>";
		};
		95240D432A0A7EBE00F45263 /* FoodieTests */ = {
			isa = PBXGroup;
			children = (
				95240D442A0A7EBE00F45263 /* FoodieTests.swift */,
			);
			path = FoodieTests;
			sourceTree = "<group>";
		};
		95240D4D2A0A7EBE00F45263 /* FoodieUITests */ = {
			isa = PBXGroup;
			children = (
				95240D4E2A0A7EBE00F45263 /* FoodieUITests.swift */,
				95240D502A0A7EBE00F45263 /* FoodieUITestsLaunchTests.swift */,
			);
			path = FoodieUITests;
			sourceTree = "<group>";
		};
		95240D5F2A0B1A8700F45263 /* Model */ = {
			isa = PBXGroup;
			children = (
				95240D672A0B440700F45263 /* OnboardingSlides.swift */,
				95240D772A13EAAB00F45263 /* DishCategory.swift */,
				95240D842A15AC0A00F45263 /* Dish.swift */,
				95240D9A2A1ADD3C00F45263 /* Order.swift */,
			);
			path = Model;
			sourceTree = "<group>";
		};
		95240D602A0B1A9200F45263 /* View */ = {
			isa = PBXGroup;
			children = (
				95240D9C2A1C20DD00F45263 /* List Orders */,
				95240D902A1AD8E400F45263 /* List Dishes */,
				95240D8B2A16FB3200F45263 /* Dish detail */,
				95240D6B2A11C03300F45263 /* Home */,
				95240D612A0B1ACE00F45263 /* OnBoarding */,
			);
			path = View;
			sourceTree = "<group>";
		};
		95240D612A0B1ACE00F45263 /* OnBoarding */ = {
			isa = PBXGroup;
			children = (
				95240D622A0B1B2300F45263 /* OnboardingViewController.swift */,
				95240D692A0BCE4200F45263 /* OnboardingCollectionViewCell.swift */,
			);
			path = OnBoarding;
			sourceTree = "<group>";
		};
		95240D642A0B408100F45263 /* Extensions */ = {
			isa = PBXGroup;
			children = (
				95240D652A0B40B400F45263 /* UIViewExtensions.swift */,
				95240D792A14472F00F45263 /* String+Extensions.swift */,
				95240D8E2A18527800F45263 /* UIViewControllerExtension.swift */,
			);
			path = Extensions;
			sourceTree = "<group>";
		};
		95240D6B2A11C03300F45263 /* Home */ = {
			isa = PBXGroup;
			children = (
				95240D6C2A11C0AC00F45263 /* HomeViewController.swift */,
			);
			path = Home;
			sourceTree = "<group>";
		};
		95240D6E2A13E5C000F45263 /* CustomeViews */ = {
			isa = PBXGroup;
			children = (
				95240D932A1ADB7800F45263 /* Table View Cells */,
				95240D7B2A159DC200F45263 /* Card View */,
				95240D6F2A13E5CE00F45263 /* CollectionViewCells */,
			);
			path = CustomeViews;
			sourceTree = "<group>";
		};
		95240D6F2A13E5CE00F45263 /* CollectionViewCells */ = {
			isa = PBXGroup;
			children = (
				95240D862A16E30C00F45263 /* DishLandscapeCollectionView */,
				95240D7F2A15A86F00F45263 /* Dish Portrait Collection View Cell */,
				95240D702A13E60500F45263 /* CategoryCollectionviewCell */,
			);
			path = CollectionViewCells;
			sourceTree = "<group>";
		};
		95240D702A13E60500F45263 /* CategoryCollectionviewCell */ = {
			isa = PBXGroup;
			children = (
				95240D732A13E68A00F45263 /* CategoryCollectionViewCell.swift */,
				95240D742A13E68A00F45263 /* CategoryCollectionViewCell.xib */,
			);
			path = CategoryCollectionviewCell;
			sourceTree = "<group>";
		};
		95240D7B2A159DC200F45263 /* Card View */ = {
			isa = PBXGroup;
			children = (
				95240D7C2A159DDE00F45263 /* CardView.swift */,
			);
			path = "Card View";
			sourceTree = "<group>";
		};
		95240D7F2A15A86F00F45263 /* Dish Portrait Collection View Cell */ = {
			isa = PBXGroup;
			children = (
				95240D802A15A8B500F45263 /* DishPortraitCollectionViewCell.swift */,
				95240D812A15A8B500F45263 /* DishPortraitCollectionViewCell.xib */,
			);
			path = "Dish Portrait Collection View Cell";
			sourceTree = "<group>";
		};
		95240D862A16E30C00F45263 /* DishLandscapeCollectionView */ = {
			isa = PBXGroup;
			children = (
				95240D872A16E34B00F45263 /* DishLandscapeCollectionViewCell.swift */,
				95240D882A16E34B00F45263 /* DishLandscapeCollectionViewCell.xib */,
			);
			path = DishLandscapeCollectionView;
			sourceTree = "<group>";
		};
		95240D8B2A16FB3200F45263 /* Dish detail */ = {
			isa = PBXGroup;
			children = (
				95240D8C2A16FB7000F45263 /* DishDetailViewController.swift */,
			);
			path = "Dish detail";
			sourceTree = "<group>";
		};
		95240D902A1AD8E400F45263 /* List Dishes */ = {
			isa = PBXGroup;
			children = (
				95240D912A1AD90F00F45263 /* ListOrdersViewController.swift */,
			);
			path = "List Dishes";
			sourceTree = "<group>";
		};
		95240D932A1ADB7800F45263 /* Table View Cells */ = {
			isa = PBXGroup;
			children = (
				95240D962A1ADBEE00F45263 /* ListOrdersTableViewCell.swift */,
				95240D972A1ADBEE00F45263 /* ListOrdersTableViewCell.xib */,
			);
			path = "Table View Cells";
			sourceTree = "<group>";
		};
		95240D9C2A1C20DD00F45263 /* List Orders */ = {
			isa = PBXGroup;
			children = (
				95240D9D2A1C213300F45263 /* OrdersListUViewController.swift */,
			);
			path = "List Orders";
			sourceTree = "<group>";
		};
		DD69B62793494B49FE0B87D1 /* Pods */ = {
			isa = PBXGroup;
			children = (
				90626B57ED94FB9FF4B303E5 /* Pods-Foodie.debug.xcconfig */,
				2D991227BB080E8EABB44884 /* Pods-Foodie.release.xcconfig */,
				CA8C2A0B7DC450EA00E01639 /* Pods-Foodie-FoodieUITests.debug.xcconfig */,
				C4A9A77AF80C68618A4B8FD5 /* Pods-Foodie-FoodieUITests.release.xcconfig */,
				E7279B8E4838C06C570D04D4 /* Pods-FoodieTests.debug.xcconfig */,
				418215469CFCF7BA6E23E3BE /* Pods-FoodieTests.release.xcconfig */,
			);
			path = Pods;
			sourceTree = "<group>";
		};
/* End PBXGroup section */

/* Begin PBXNativeTarget section */
		95240D292A0A7EBB00F45263 /* Foodie */ = {
			isa = PBXNativeTarget;
			buildConfigurationList = 95240D542A0A7EBE00F45263 /* Build configuration list for PBXNativeTarget "Foodie" */;
			buildPhases = (
				9844ED4B054B8E449C6BEE7C /* [CP] Check Pods Manifest.lock */,
				95240D262A0A7EBB00F45263 /* Sources */,
				95240D272A0A7EBB00F45263 /* Frameworks */,
				95240D282A0A7EBB00F45263 /* Resources */,
				C9645B4B45F17437C989BCA0 /* [CP] Embed Pods Frameworks */,
			);
			buildRules = (
			);
			dependencies = (
			);
			name = Foodie;
			productName = Foodie;
			productReference = 95240D2A2A0A7EBB00F45263 /* Foodie.app */;
			productType = "com.apple.product-type.application";
		};
		95240D3F2A0A7EBE00F45263 /* FoodieTests */ = {
			isa = PBXNativeTarget;
			buildConfigurationList = 95240D572A0A7EBE00F45263 /* Build configuration list for PBXNativeTarget "FoodieTests" */;
			buildPhases = (
				4B1D3A13A702D72ACEB0270B /* [CP] Check Pods Manifest.lock */,
				95240D3C2A0A7EBE00F45263 /* Sources */,
				95240D3D2A0A7EBE00F45263 /* Frameworks */,
				95240D3E2A0A7EBE00F45263 /* Resources */,
			);
			buildRules = (
			);
			dependencies = (
				95240D422A0A7EBE00F45263 /* PBXTargetDependency */,
			);
			name = FoodieTests;
			productName = FoodieTests;
			productReference = 95240D402A0A7EBE00F45263 /* FoodieTests.xctest */;
			productType = "com.apple.product-type.bundle.unit-test";
		};
		95240D492A0A7EBE00F45263 /* FoodieUITests */ = {
			isa = PBXNativeTarget;
			buildConfigurationList = 95240D5A2A0A7EBE00F45263 /* Build configuration list for PBXNativeTarget "FoodieUITests" */;
			buildPhases = (
				35865A2CFF02D27B3DC7C7A0 /* [CP] Check Pods Manifest.lock */,
				95240D462A0A7EBE00F45263 /* Sources */,
				95240D472A0A7EBE00F45263 /* Frameworks */,
				95240D482A0A7EBE00F45263 /* Resources */,
				3045F579FDC28A90630E8892 /* [CP] Embed Pods Frameworks */,
			);
			buildRules = (
			);
			dependencies = (
				95240D4C2A0A7EBE00F45263 /* PBXTargetDependency */,
			);
			name = FoodieUITests;
			productName = FoodieUITests;
			productReference = 95240D4A2A0A7EBE00F45263 /* FoodieUITests.xctest */;
			productType = "com.apple.product-type.bundle.ui-testing";
		};
/* End PBXNativeTarget section */

/* Begin PBXProject section */
		95240D222A0A7EBB00F45263 /* Project object */ = {
			isa = PBXProject;
			attributes = {
				BuildIndependentTargetsInParallel = 1;
				LastSwiftUpdateCheck = 1430;
				LastUpgradeCheck = 1430;
				TargetAttributes = {
					95240D292A0A7EBB00F45263 = {
						CreatedOnToolsVersion = 14.3;
					};
					95240D3F2A0A7EBE00F45263 = {
						CreatedOnToolsVersion = 14.3;
						TestTargetID = 95240D292A0A7EBB00F45263;
					};
					95240D492A0A7EBE00F45263 = {
						CreatedOnToolsVersion = 14.3;
						TestTargetID = 95240D292A0A7EBB00F45263;
					};
				};
			};
			buildConfigurationList = 95240D252A0A7EBB00F45263 /* Build configuration list for PBXProject "Foodie" */;
			compatibilityVersion = "Xcode 14.0";
			developmentRegion = en;
			hasScannedForEncodings = 0;
			knownRegions = (
				en,
				Base,
			);
			mainGroup = 95240D212A0A7EBB00F45263;
			productRefGroup = 95240D2B2A0A7EBB00F45263 /* Products */;
			projectDirPath = "";
			projectRoot = "";
			targets = (
				95240D292A0A7EBB00F45263 /* Foodie */,
				95240D3F2A0A7EBE00F45263 /* FoodieTests */,
				95240D492A0A7EBE00F45263 /* FoodieUITests */,
			);
		};
/* End PBXProject section */

/* Begin PBXResourcesBuildPhase section */
		95240D282A0A7EBB00F45263 /* Resources */ = {
			isa = PBXResourcesBuildPhase;
			buildActionMask = 2147483647;
			files = (
				95240D762A13E68A00F45263 /* CategoryCollectionViewCell.xib in Resources */,
				95240D3A2A0A7EBE00F45263 /* LaunchScreen.storyboard in Resources */,
				95240D832A15A8B500F45263 /* DishPortraitCollectionViewCell.xib in Resources */,
				95240D372A0A7EBE00F45263 /* Assets.xcassets in Resources */,
				95240D8A2A16E34B00F45263 /* DishLandscapeCollectionViewCell.xib in Resources */,
				95240D352A0A7EBB00F45263 /* Main.storyboard in Resources */,
				95240D992A1ADBEE00F45263 /* ListOrdersTableViewCell.xib in Resources */,
			);
			runOnlyForDeploymentPostprocessing = 0;
		};
		95240D3E2A0A7EBE00F45263 /* Resources */ = {
			isa = PBXResourcesBuildPhase;
			buildActionMask = 2147483647;
			files = (
			);
			runOnlyForDeploymentPostprocessing = 0;
		};
		95240D482A0A7EBE00F45263 /* Resources */ = {
			isa = PBXResourcesBuildPhase;
			buildActionMask = 2147483647;
			files = (
			);
			runOnlyForDeploymentPostprocessing = 0;
		};
/* End PBXResourcesBuildPhase section */

/* Begin PBXShellScriptBuildPhase section */
		3045F579FDC28A90630E8892 /* [CP] Embed Pods Frameworks */ = {
			isa = PBXShellScriptBuildPhase;
			buildActionMask = 2147483647;
			files = (
			);
			inputFileListPaths = (
				"${PODS_ROOT}/Target Support Files/Pods-Foodie-FoodieUITests/Pods-Foodie-FoodieUITests-frameworks-${CONFIGURATION}-input-files.xcfilelist",
			);
			name = "[CP] Embed Pods Frameworks";
			outputFileListPaths = (
				"${PODS_ROOT}/Target Support Files/Pods-Foodie-FoodieUITests/Pods-Foodie-FoodieUITests-frameworks-${CONFIGURATION}-output-files.xcfilelist",
			);
			runOnlyForDeploymentPostprocessing = 0;
			shellPath = /bin/sh;
			shellScript = "\"${PODS_ROOT}/Target Support Files/Pods-Foodie-FoodieUITests/Pods-Foodie-FoodieUITests-frameworks.sh\"\n";
			showEnvVarsInLog = 0;
		};
		35865A2CFF02D27B3DC7C7A0 /* [CP] Check Pods Manifest.lock */ = {
			isa = PBXShellScriptBuildPhase;
			buildActionMask = 2147483647;
			files = (
			);
			inputFileListPaths = (
			);
			inputPaths = (
				"${PODS_PODFILE_DIR_PATH}/Podfile.lock",
				"${PODS_ROOT}/Manifest.lock",
			);
			name = "[CP] Check Pods Manifest.lock";
			outputFileListPaths = (
			);
			outputPaths = (
				"$(DERIVED_FILE_DIR)/Pods-Foodie-FoodieUITests-checkManifestLockResult.txt",
			);
			runOnlyForDeploymentPostprocessing = 0;
			shellPath = /bin/sh;
			shellScript = "diff \"${PODS_PODFILE_DIR_PATH}/Podfile.lock\" \"${PODS_ROOT}/Manifest.lock\" > /dev/null\nif [ $? != 0 ] ; then\n    # print error to STDERR\n    echo \"error: The sandbox is not in sync with the Podfile.lock. Run 'pod install' or update your CocoaPods installation.\" >&2\n    exit 1\nfi\n# This output is used by Xcode 'outputs' to avoid re-running this script phase.\necho \"SUCCESS\" > \"${SCRIPT_OUTPUT_FILE_0}\"\n";
			showEnvVarsInLog = 0;
		};
		4B1D3A13A702D72ACEB0270B /* [CP] Check Pods Manifest.lock */ = {
			isa = PBXShellScriptBuildPhase;
			buildActionMask = 2147483647;
			files = (
			);
			inputFileListPaths = (
			);
			inputPaths = (
				"${PODS_PODFILE_DIR_PATH}/Podfile.lock",
				"${PODS_ROOT}/Manifest.lock",
			);
			name = "[CP] Check Pods Manifest.lock";
			outputFileListPaths = (
			);
			outputPaths = (
				"$(DERIVED_FILE_DIR)/Pods-FoodieTests-checkManifestLockResult.txt",
			);
			runOnlyForDeploymentPostprocessing = 0;
			shellPath = /bin/sh;
			shellScript = "diff \"${PODS_PODFILE_DIR_PATH}/Podfile.lock\" \"${PODS_ROOT}/Manifest.lock\" > /dev/null\nif [ $? != 0 ] ; then\n    # print error to STDERR\n    echo \"error: The sandbox is not in sync with the Podfile.lock. Run 'pod install' or update your CocoaPods installation.\" >&2\n    exit 1\nfi\n# This output is used by Xcode 'outputs' to avoid re-running this script phase.\necho \"SUCCESS\" > \"${SCRIPT_OUTPUT_FILE_0}\"\n";
			showEnvVarsInLog = 0;
		};
		9844ED4B054B8E449C6BEE7C /* [CP] Check Pods Manifest.lock */ = {
			isa = PBXShellScriptBuildPhase;
			buildActionMask = 2147483647;
			files = (
			);
			inputFileListPaths = (
			);
			inputPaths = (
				"${PODS_PODFILE_DIR_PATH}/Podfile.lock",
				"${PODS_ROOT}/Manifest.lock",
			);
			name = "[CP] Check Pods Manifest.lock";
			outputFileListPaths = (
			);
			outputPaths = (
				"$(DERIVED_FILE_DIR)/Pods-Foodie-checkManifestLockResult.txt",
			);
			runOnlyForDeploymentPostprocessing = 0;
			shellPath = /bin/sh;
			shellScript = "diff \"${PODS_PODFILE_DIR_PATH}/Podfile.lock\" \"${PODS_ROOT}/Manifest.lock\" > /dev/null\nif [ $? != 0 ] ; then\n    # print error to STDERR\n    echo \"error: The sandbox is not in sync with the Podfile.lock. Run 'pod install' or update your CocoaPods installation.\" >&2\n    exit 1\nfi\n# This output is used by Xcode 'outputs' to avoid re-running this script phase.\necho \"SUCCESS\" > \"${SCRIPT_OUTPUT_FILE_0}\"\n";
			showEnvVarsInLog = 0;
		};
		C9645B4B45F17437C989BCA0 /* [CP] Embed Pods Frameworks */ = {
			isa = PBXShellScriptBuildPhase;
			buildActionMask = 2147483647;
			files = (
			);
			inputFileListPaths = (
				"${PODS_ROOT}/Target Support Files/Pods-Foodie/Pods-Foodie-frameworks-${CONFIGURATION}-input-files.xcfilelist",
			);
			name = "[CP] Embed Pods Frameworks";
			outputFileListPaths = (
				"${PODS_ROOT}/Target Support Files/Pods-Foodie/Pods-Foodie-frameworks-${CONFIGURATION}-output-files.xcfilelist",
			);
			runOnlyForDeploymentPostprocessing = 0;
			shellPath = /bin/sh;
			shellScript = "\"${PODS_ROOT}/Target Support Files/Pods-Foodie/Pods-Foodie-frameworks.sh\"\n";
			showEnvVarsInLog = 0;
		};
/* End PBXShellScriptBuildPhase section */

/* Begin PBXSourcesBuildPhase section */
		95240D262A0A7EBB00F45263 /* Sources */ = {
			isa = PBXSourcesBuildPhase;
			buildActionMask = 2147483647;
			files = (
				95240D752A13E68A00F45263 /* CategoryCollectionViewCell.swift in Sources */,
				95240D922A1AD90F00F45263 /* ListOrdersViewController.swift in Sources */,
				95240D2E2A0A7EBB00F45263 /* AppDelegate.swift in Sources */,
				95240D9B2A1ADD3C00F45263 /* Order.swift in Sources */,
				95240D302A0A7EBB00F45263 /* SceneDelegate.swift in Sources */,
				95240D982A1ADBEE00F45263 /* ListOrdersTableViewCell.swift in Sources */,
				95240D682A0B440700F45263 /* OnboardingSlides.swift in Sources */,
				95240D8F2A18527900F45263 /* UIViewControllerExtension.swift in Sources */,
				95240D662A0B40B400F45263 /* UIViewExtensions.swift in Sources */,
				95240D7A2A14472F00F45263 /* String+Extensions.swift in Sources */,
				95240D8D2A16FB7000F45263 /* DishDetailViewController.swift in Sources */,
				95240D632A0B1B2300F45263 /* OnboardingViewController.swift in Sources */,
				95240D6D2A11C0AC00F45263 /* HomeViewController.swift in Sources */,
				95240D9E2A1C213300F45263 /* OrdersListUViewController.swift in Sources */,
				95240D892A16E34B00F45263 /* DishLandscapeCollectionViewCell.swift in Sources */,
				95240D782A13EAAB00F45263 /* DishCategory.swift in Sources */,
				95240D7D2A159DDE00F45263 /* CardView.swift in Sources */,
				95240D6A2A0BCE4300F45263 /* OnboardingCollectionViewCell.swift in Sources */,
				95240D852A15AC0A00F45263 /* Dish.swift in Sources */,
				95240D822A15A8B500F45263 /* DishPortraitCollectionViewCell.swift in Sources */,
			);
			runOnlyForDeploymentPostprocessing = 0;
		};
		95240D3C2A0A7EBE00F45263 /* Sources */ = {
			isa = PBXSourcesBuildPhase;
			buildActionMask = 2147483647;
			files = (
				95240D452A0A7EBE00F45263 /* FoodieTests.swift in Sources */,
			);
			runOnlyForDeploymentPostprocessing = 0;
		};
		95240D462A0A7EBE00F45263 /* Sources */ = {
			isa = PBXSourcesBuildPhase;
			buildActionMask = 2147483647;
			files = (
				95240D512A0A7EBE00F45263 /* FoodieUITestsLaunchTests.swift in Sources */,
				95240D4F2A0A7EBE00F45263 /* FoodieUITests.swift in Sources */,
			);
			runOnlyForDeploymentPostprocessing = 0;
		};
/* End PBXSourcesBuildPhase section */

/* Begin PBXTargetDependency section */
		95240D422A0A7EBE00F45263 /* PBXTargetDependency */ = {
			isa = PBXTargetDependency;
			target = 95240D292A0A7EBB00F45263 /* Foodie */;
			targetProxy = 95240D412A0A7EBE00F45263 /* PBXContainerItemProxy */;
		};
		95240D4C2A0A7EBE00F45263 /* PBXTargetDependency */ = {
			isa = PBXTargetDependency;
			target = 95240D292A0A7EBB00F45263 /* Foodie */;
			targetProxy = 95240D4B2A0A7EBE00F45263 /* PBXContainerItemProxy */;
		};
/* End PBXTargetDependency section */

/* Begin PBXVariantGroup section */
		95240D332A0A7EBB00F45263 /* Main.storyboard */ = {
			isa = PBXVariantGroup;
			children = (
				95240D342A0A7EBB00F45263 /* Base */,
			);
			name = Main.storyboard;
			sourceTree = "<group>";
		};
		95240D382A0A7EBE00F45263 /* LaunchScreen.storyboard */ = {
			isa = PBXVariantGroup;
			children = (
				95240D392A0A7EBE00F45263 /* Base */,
			);
			name = LaunchScreen.storyboard;
			sourceTree = "<group>";
		};
/* End PBXVariantGroup section */

/* Begin XCBuildConfiguration section */
		95240D522A0A7EBE00F45263 /* Debug */ = {
			isa = XCBuildConfiguration;
			buildSettings = {
				ALWAYS_SEARCH_USER_PATHS = NO;
				CLANG_ANALYZER_NONNULL = YES;
				CLANG_ANALYZER_NUMBER_OBJECT_CONVERSION = YES_AGGRESSIVE;
				CLANG_CXX_LANGUAGE_STANDARD = "gnu++20";
				CLANG_ENABLE_MODULES = YES;
				CLANG_ENABLE_OBJC_ARC = YES;
				CLANG_ENABLE_OBJC_WEAK = YES;
				CLANG_WARN_BLOCK_CAPTURE_AUTORELEASING = YES;
				CLANG_WARN_BOOL_CONVERSION = YES;
				CLANG_WARN_COMMA = YES;
				CLANG_WARN_CONSTANT_CONVERSION = YES;
				CLANG_WARN_DEPRECATED_OBJC_IMPLEMENTATIONS = YES;
				CLANG_WARN_DIRECT_OBJC_ISA_USAGE = YES_ERROR;
				CLANG_WARN_DOCUMENTATION_COMMENTS = YES;
				CLANG_WARN_EMPTY_BODY = YES;
				CLANG_WARN_ENUM_CONVERSION = YES;
				CLANG_WARN_INFINITE_RECURSION = YES;
				CLANG_WARN_INT_CONVERSION = YES;
				CLANG_WARN_NON_LITERAL_NULL_CONVERSION = YES;
				CLANG_WARN_OBJC_IMPLICIT_RETAIN_SELF = YES;
				CLANG_WARN_OBJC_LITERAL_CONVERSION = YES;
				CLANG_WARN_OBJC_ROOT_CLASS = YES_ERROR;
				CLANG_WARN_QUOTED_INCLUDE_IN_FRAMEWORK_HEADER = YES;
				CLANG_WARN_RANGE_LOOP_ANALYSIS = YES;
				CLANG_WARN_STRICT_PROTOTYPES = YES;
				CLANG_WARN_SUSPICIOUS_MOVE = YES;
				CLANG_WARN_UNGUARDED_AVAILABILITY = YES_AGGRESSIVE;
				CLANG_WARN_UNREACHABLE_CODE = YES;
				CLANG_WARN__DUPLICATE_METHOD_MATCH = YES;
				COPY_PHASE_STRIP = NO;
				DEBUG_INFORMATION_FORMAT = dwarf;
				ENABLE_STRICT_OBJC_MSGSEND = YES;
				ENABLE_TESTABILITY = YES;
				GCC_C_LANGUAGE_STANDARD = gnu11;
				GCC_DYNAMIC_NO_PIC = NO;
				GCC_NO_COMMON_BLOCKS = YES;
				GCC_OPTIMIZATION_LEVEL = 0;
				GCC_PREPROCESSOR_DEFINITIONS = (
					"DEBUG=1",
					"$(inherited)",
				);
				GCC_WARN_64_TO_32_BIT_CONVERSION = YES;
				GCC_WARN_ABOUT_RETURN_TYPE = YES_ERROR;
				GCC_WARN_UNDECLARED_SELECTOR = YES;
				GCC_WARN_UNINITIALIZED_AUTOS = YES_AGGRESSIVE;
				GCC_WARN_UNUSED_FUNCTION = YES;
				GCC_WARN_UNUSED_VARIABLE = YES;
				IPHONEOS_DEPLOYMENT_TARGET = 16.4;
				MTL_ENABLE_DEBUG_INFO = INCLUDE_SOURCE;
				MTL_FAST_MATH = YES;
				ONLY_ACTIVE_ARCH = YES;
				SDKROOT = iphoneos;
				SWIFT_ACTIVE_COMPILATION_CONDITIONS = DEBUG;
				SWIFT_OPTIMIZATION_LEVEL = "-Onone";
			};
			name = Debug;
		};
		95240D532A0A7EBE00F45263 /* Release */ = {
			isa = XCBuildConfiguration;
			buildSettings = {
				ALWAYS_SEARCH_USER_PATHS = NO;
				CLANG_ANALYZER_NONNULL = YES;
				CLANG_ANALYZER_NUMBER_OBJECT_CONVERSION = YES_AGGRESSIVE;
				CLANG_CXX_LANGUAGE_STANDARD = "gnu++20";
				CLANG_ENABLE_MODULES = YES;
				CLANG_ENABLE_OBJC_ARC = YES;
				CLANG_ENABLE_OBJC_WEAK = YES;
				CLANG_WARN_BLOCK_CAPTURE_AUTORELEASING = YES;
				CLANG_WARN_BOOL_CONVERSION = YES;
				CLANG_WARN_COMMA = YES;
				CLANG_WARN_CONSTANT_CONVERSION = YES;
				CLANG_WARN_DEPRECATED_OBJC_IMPLEMENTATIONS = YES;
				CLANG_WARN_DIRECT_OBJC_ISA_USAGE = YES_ERROR;
				CLANG_WARN_DOCUMENTATION_COMMENTS = YES;
				CLANG_WARN_EMPTY_BODY = YES;
				CLANG_WARN_ENUM_CONVERSION = YES;
				CLANG_WARN_INFINITE_RECURSION = YES;
				CLANG_WARN_INT_CONVERSION = YES;
				CLANG_WARN_NON_LITERAL_NULL_CONVERSION = YES;
				CLANG_WARN_OBJC_IMPLICIT_RETAIN_SELF = YES;
				CLANG_WARN_OBJC_LITERAL_CONVERSION = YES;
				CLANG_WARN_OBJC_ROOT_CLASS = YES_ERROR;
				CLANG_WARN_QUOTED_INCLUDE_IN_FRAMEWORK_HEADER = YES;
				CLANG_WARN_RANGE_LOOP_ANALYSIS = YES;
				CLANG_WARN_STRICT_PROTOTYPES = YES;
				CLANG_WARN_SUSPICIOUS_MOVE = YES;
				CLANG_WARN_UNGUARDED_AVAILABILITY = YES_AGGRESSIVE;
				CLANG_WARN_UNREACHABLE_CODE = YES;
				CLANG_WARN__DUPLICATE_METHOD_MATCH = YES;
				COPY_PHASE_STRIP = NO;
				DEBUG_INFORMATION_FORMAT = "dwarf-with-dsym";
				ENABLE_NS_ASSERTIONS = NO;
				ENABLE_STRICT_OBJC_MSGSEND = YES;
				GCC_C_LANGUAGE_STANDARD = gnu11;
				GCC_NO_COMMON_BLOCKS = YES;
				GCC_WARN_64_TO_32_BIT_CONVERSION = YES;
				GCC_WARN_ABOUT_RETURN_TYPE = YES_ERROR;
				GCC_WARN_UNDECLARED_SELECTOR = YES;
				GCC_WARN_UNINITIALIZED_AUTOS = YES_AGGRESSIVE;
				GCC_WARN_UNUSED_FUNCTION = YES;
				GCC_WARN_UNUSED_VARIABLE = YES;
				IPHONEOS_DEPLOYMENT_TARGET = 16.4;
				MTL_ENABLE_DEBUG_INFO = NO;
				MTL_FAST_MATH = YES;
				SDKROOT = iphoneos;
				SWIFT_COMPILATION_MODE = wholemodule;
				SWIFT_OPTIMIZATION_LEVEL = "-O";
				VALIDATE_PRODUCT = YES;
			};
			name = Release;
		};
		95240D552A0A7EBE00F45263 /* Debug */ = {
			isa = XCBuildConfiguration;
			baseConfigurationReference = 90626B57ED94FB9FF4B303E5 /* Pods-Foodie.debug.xcconfig */;
			buildSettings = {
				ASSETCATALOG_COMPILER_APPICON_NAME = AppIcon;
				ASSETCATALOG_COMPILER_GLOBAL_ACCENT_COLOR_NAME = AccentColor;
				CODE_SIGN_STYLE = Automatic;
				CURRENT_PROJECT_VERSION = 1;
				DEVELOPMENT_TEAM = 5F93SMYAKP;
				GENERATE_INFOPLIST_FILE = YES;
				INFOPLIST_FILE = Foodie/Info.plist;
				INFOPLIST_KEY_UIApplicationSupportsIndirectInputEvents = YES;
				INFOPLIST_KEY_UILaunchStoryboardName = LaunchScreen;
				INFOPLIST_KEY_UIMainStoryboardFile = Main;
				INFOPLIST_KEY_UISupportedInterfaceOrientations_iPad = "UIInterfaceOrientationPortrait UIInterfaceOrientationPortraitUpsideDown UIInterfaceOrientationLandscapeLeft UIInterfaceOrientationLandscapeRight";
				INFOPLIST_KEY_UISupportedInterfaceOrientations_iPhone = "UIInterfaceOrientationPortrait UIInterfaceOrientationLandscapeLeft UIInterfaceOrientationLandscapeRight";
				LD_RUNPATH_SEARCH_PATHS = (
					"$(inherited)",
					"@executable_path/Frameworks",
				);
				MARKETING_VERSION = 1.0;
				PRODUCT_BUNDLE_IDENTIFIER = yolimaPereira.Foodie;
				PRODUCT_NAME = "$(TARGET_NAME)";
				SWIFT_EMIT_LOC_STRINGS = YES;
				SWIFT_VERSION = 5.0;
				TARGETED_DEVICE_FAMILY = "1,2";
			};
			name = Debug;
		};
		95240D562A0A7EBE00F45263 /* Release */ = {
			isa = XCBuildConfiguration;
			baseConfigurationReference = 2D991227BB080E8EABB44884 /* Pods-Foodie.release.xcconfig */;
			buildSettings = {
				ASSETCATALOG_COMPILER_APPICON_NAME = AppIcon;
				ASSETCATALOG_COMPILER_GLOBAL_ACCENT_COLOR_NAME = AccentColor;
				CODE_SIGN_STYLE = Automatic;
				CURRENT_PROJECT_VERSION = 1;
				DEVELOPMENT_TEAM = 5F93SMYAKP;
				GENERATE_INFOPLIST_FILE = YES;
				INFOPLIST_FILE = Foodie/Info.plist;
				INFOPLIST_KEY_UIApplicationSupportsIndirectInputEvents = YES;
				INFOPLIST_KEY_UILaunchStoryboardName = LaunchScreen;
				INFOPLIST_KEY_UIMainStoryboardFile = Main;
				INFOPLIST_KEY_UISupportedInterfaceOrientations_iPad = "UIInterfaceOrientationPortrait UIInterfaceOrientationPortraitUpsideDown UIInterfaceOrientationLandscapeLeft UIInterfaceOrientationLandscapeRight";
				INFOPLIST_KEY_UISupportedInterfaceOrientations_iPhone = "UIInterfaceOrientationPortrait UIInterfaceOrientationLandscapeLeft UIInterfaceOrientationLandscapeRight";
				LD_RUNPATH_SEARCH_PATHS = (
					"$(inherited)",
					"@executable_path/Frameworks",
				);
				MARKETING_VERSION = 1.0;
				PRODUCT_BUNDLE_IDENTIFIER = yolimaPereira.Foodie;
				PRODUCT_NAME = "$(TARGET_NAME)";
				SWIFT_EMIT_LOC_STRINGS = YES;
				SWIFT_VERSION = 5.0;
				TARGETED_DEVICE_FAMILY = "1,2";
			};
			name = Release;
		};
		95240D582A0A7EBE00F45263 /* Debug */ = {
			isa = XCBuildConfiguration;
			baseConfigurationReference = E7279B8E4838C06C570D04D4 /* Pods-FoodieTests.debug.xcconfig */;
			buildSettings = {
				ALWAYS_EMBED_SWIFT_STANDARD_LIBRARIES = YES;
				BUNDLE_LOADER = "$(TEST_HOST)";
				CODE_SIGN_STYLE = Automatic;
				CURRENT_PROJECT_VERSION = 1;
				DEVELOPMENT_TEAM = 5F93SMYAKP;
				GENERATE_INFOPLIST_FILE = YES;
				IPHONEOS_DEPLOYMENT_TARGET = 16.4;
				MARKETING_VERSION = 1.0;
				PRODUCT_BUNDLE_IDENTIFIER = yolimaPereira.FoodieTests;
				PRODUCT_NAME = "$(TARGET_NAME)";
				SWIFT_EMIT_LOC_STRINGS = NO;
				SWIFT_VERSION = 5.0;
				TARGETED_DEVICE_FAMILY = "1,2";
				TEST_HOST = "$(BUILT_PRODUCTS_DIR)/Foodie.app/$(BUNDLE_EXECUTABLE_FOLDER_PATH)/Foodie";
			};
			name = Debug;
		};
		95240D592A0A7EBE00F45263 /* Release */ = {
			isa = XCBuildConfiguration;
			baseConfigurationReference = 418215469CFCF7BA6E23E3BE /* Pods-FoodieTests.release.xcconfig */;
			buildSettings = {
				ALWAYS_EMBED_SWIFT_STANDARD_LIBRARIES = YES;
				BUNDLE_LOADER = "$(TEST_HOST)";
				CODE_SIGN_STYLE = Automatic;
				CURRENT_PROJECT_VERSION = 1;
				DEVELOPMENT_TEAM = 5F93SMYAKP;
				GENERATE_INFOPLIST_FILE = YES;
				IPHONEOS_DEPLOYMENT_TARGET = 16.4;
				MARKETING_VERSION = 1.0;
				PRODUCT_BUNDLE_IDENTIFIER = yolimaPereira.FoodieTests;
				PRODUCT_NAME = "$(TARGET_NAME)";
				SWIFT_EMIT_LOC_STRINGS = NO;
				SWIFT_VERSION = 5.0;
				TARGETED_DEVICE_FAMILY = "1,2";
				TEST_HOST = "$(BUILT_PRODUCTS_DIR)/Foodie.app/$(BUNDLE_EXECUTABLE_FOLDER_PATH)/Foodie";
			};
			name = Release;
		};
		95240D5B2A0A7EBE00F45263 /* Debug */ = {
			isa = XCBuildConfiguration;
			baseConfigurationReference = CA8C2A0B7DC450EA00E01639 /* Pods-Foodie-FoodieUITests.debug.xcconfig */;
			buildSettings = {
				ALWAYS_EMBED_SWIFT_STANDARD_LIBRARIES = YES;
				CODE_SIGN_STYLE = Automatic;
				CURRENT_PROJECT_VERSION = 1;
				DEVELOPMENT_TEAM = 5F93SMYAKP;
				GENERATE_INFOPLIST_FILE = YES;
				MARKETING_VERSION = 1.0;
				PRODUCT_BUNDLE_IDENTIFIER = yolimaPereira.FoodieUITests;
				PRODUCT_NAME = "$(TARGET_NAME)";
				SWIFT_EMIT_LOC_STRINGS = NO;
				SWIFT_VERSION = 5.0;
				TARGETED_DEVICE_FAMILY = "1,2";
				TEST_TARGET_NAME = Foodie;
			};
			name = Debug;
		};
		95240D5C2A0A7EBE00F45263 /* Release */ = {
			isa = XCBuildConfiguration;
			baseConfigurationReference = C4A9A77AF80C68618A4B8FD5 /* Pods-Foodie-FoodieUITests.release.xcconfig */;
			buildSettings = {
				ALWAYS_EMBED_SWIFT_STANDARD_LIBRARIES = YES;
				CODE_SIGN_STYLE = Automatic;
				CURRENT_PROJECT_VERSION = 1;
				DEVELOPMENT_TEAM = 5F93SMYAKP;
				GENERATE_INFOPLIST_FILE = YES;
				MARKETING_VERSION = 1.0;
				PRODUCT_BUNDLE_IDENTIFIER = yolimaPereira.FoodieUITests;
				PRODUCT_NAME = "$(TARGET_NAME)";
				SWIFT_EMIT_LOC_STRINGS = NO;
				SWIFT_VERSION = 5.0;
				TARGETED_DEVICE_FAMILY = "1,2";
				TEST_TARGET_NAME = Foodie;
			};
			name = Release;
		};
/* End XCBuildConfiguration section */

/* Begin XCConfigurationList section */
		95240D252A0A7EBB00F45263 /* Build configuration list for PBXProject "Foodie" */ = {
			isa = XCConfigurationList;
			buildConfigurations = (
				95240D522A0A7EBE00F45263 /* Debug */,
				95240D532A0A7EBE00F45263 /* Release */,
			);
			defaultConfigurationIsVisible = 0;
			defaultConfigurationName = Release;
		};
		95240D542A0A7EBE00F45263 /* Build configuration list for PBXNativeTarget "Foodie" */ = {
			isa = XCConfigurationList;
			buildConfigurations = (
				95240D552A0A7EBE00F45263 /* Debug */,
				95240D562A0A7EBE00F45263 /* Release */,
			);
			defaultConfigurationIsVisible = 0;
			defaultConfigurationName = Release;
		};
		95240D572A0A7EBE00F45263 /* Build configuration list for PBXNativeTarget "FoodieTests" */ = {
			isa = XCConfigurationList;
			buildConfigurations = (
				95240D582A0A7EBE00F45263 /* Debug */,
				95240D592A0A7EBE00F45263 /* Release */,
			);
			defaultConfigurationIsVisible = 0;
			defaultConfigurationName = Release;
		};
		95240D5A2A0A7EBE00F45263 /* Build configuration list for PBXNativeTarget "FoodieUITests" */ = {
			isa = XCConfigurationList;
			buildConfigurations = (
				95240D5B2A0A7EBE00F45263 /* Debug */,
				95240D5C2A0A7EBE00F45263 /* Release */,
			);
			defaultConfigurationIsVisible = 0;
			defaultConfigurationName = Release;
		};
/* End XCConfigurationList section */
	};
	rootObject = 95240D222A0A7EBB00F45263 /* Project object */;
}
