// !$*UTF8*$!
{
	archiveVersion = 1;
	classes = {
	};
	objectVersion = 56;
	objects = {

/* Begin PBXBuildFile section */
		95240D2E2A0A7EBB00F45263 /* AppDelegate.swift in Sources */ = {isa = PBXBuildFile; fileRef = 95240D2D2A0A7EBB00F45263 /* AppDelegate.swift */; };
		95240D302A0A7EBB00F45263 /* SceneDelegate.swift in Sources */ = {isa = PBXBuildFile; fileRef = 95240D2F2A0A7EBB00F45263 /* SceneDelegate.swift */; };
		95240D352A0A7EBB00F45263 /* Main.storyboard in Resources */ = {isa = PBXBuildFile; fileRef = 95240D332A0A7EBB00F45263 /* Main.storyboard */; };
		95240D372A0A7EBE00F45263 /* Assets.xcassets in Resources */ = {isa = PBXBuildFile; fileRef = 95240D362A0A7EBE00F45263 /* Assets.xcassets */; };
		95240D3A2A0A7EBE00F45263 /* LaunchScreen.storyboard in Resources */ = {isa = PBXBuildFile; fileRef = 95240D382A0A7EBE00F45263 /* LaunchScreen.storyboard */; };
		95240D452A0A7EBE00F45263 /* FoodieTests.swift in Sources */ = {isa = PBXBuildFile; fileRef = 95240D442A0A7EBE00F45263 /* FoodieTests.swift */; };
		95240D4F2A0A7EBE00F45263 /* FoodieUITests.swift in Sources */ = {isa = PBXBuildFile; fileRef = 95240D4E2A0A7EBE00F45263 /* FoodieUITests.swift */; };
		95240D512A0A7EBE00F45263 /* FoodieUITestsLaunchTests.swift in Sources */ = {isa = PBXBuildFile; fileRef = 95240D502A0A7EBE00F45263 /* FoodieUITestsLaunchTests.swift */; };
		95240D632A0B1B2300F45263 /* OnboardingViewController.swift in Sources */ = {isa = PBXBuildFile; fileRef = 95240D622A0B1B2300F45263 /* OnboardingViewController.swift */; };
		95240D662A0B40B400F45263 /* UIViewExtensions.swift in Sources */ = {isa = PBXBuildFile; fileRef = 95240D652A0B40B400F45263 /* UIViewExtensions.swift */; };
		95240D682A0B440700F45263 /* OnboardingSlides.swift in Sources */ = {isa = PBXBuildFile; fileRef = 95240D672A0B440700F45263 /* OnboardingSlides.swift */; };
		95240D6A2A0BCE4300F45263 /* OnboardingCollectionViewCell.swift in Sources */ = {isa = PBXBuildFile; fileRef = 95240D692A0BCE4200F45263 /* OnboardingCollectionViewCell.swift */; };
/* End PBXBuildFile section */

/* Begin PBXContainerItemProxy section */
		95240D412A0A7EBE00F45263 /* PBXContainerItemProxy */ = {
			isa = PBXContainerItemProxy;
			containerPortal = 95240D222A0A7EBB00F45263 /* Project object */;
			proxyType = 1;
			remoteGlobalIDString = 95240D292A0A7EBB00F45263;
			remoteInfo = Foodie;
		};
		95240D4B2A0A7EBE00F45263 /* PBXContainerItemProxy */ = {
			isa = PBXContainerItemProxy;
			containerPortal = 95240D222A0A7EBB00F45263 /* Project object */;
			proxyType = 1;
			remoteGlobalIDString = 95240D292A0A7EBB00F45263;
			remoteInfo = Foodie;
		};
/* End PBXContainerItemProxy section */

/* Begin PBXFileReference section */
		95240D2A2A0A7EBB00F45263 /* Foodie.app */ = {isa = PBXFileReference; explicitFileType = wrapper.application; includeInIndex = 0; path = Foodie.app; sourceTree = BUILT_PRODUCTS_DIR; };
		95240D2D2A0A7EBB00F45263 /* AppDelegate.swift */ = {isa = PBXFileReference; lastKnownFileType = sourcecode.swift; path = AppDelegate.swift; sourceTree = "<group>"; };
		95240D2F2A0A7EBB00F45263 /* SceneDelegate.swift */ = {isa = PBXFileReference; lastKnownFileType = sourcecode.swift; path = SceneDelegate.swift; sourceTree = "<group>"; };
		95240D342A0A7EBB00F45263 /* Base */ = {isa = PBXFileReference; lastKnownFileType = file.storyboard; name = Base; path = Base.lproj/Main.storyboard; sourceTree = "<group>"; };
		95240D362A0A7EBE00F45263 /* Assets.xcassets */ = {isa = PBXFileReference; lastKnownFileType = folder.assetcatalog; path = Assets.xcassets; sourceTree = "<group>"; };
		95240D392A0A7EBE00F45263 /* Base */ = {isa = PBXFileReference; lastKnownFileType = file.storyboard; name = Base; path = Base.lproj/LaunchScreen.storyboard; sourceTree = "<group>"; };
		95240D3B2A0A7EBE00F45263 /* Info.plist */ = {isa = PBXFileReference; lastKnownFileType = text.plist.xml; path = Info.plist; sourceTree = "<group>"; };
		95240D402A0A7EBE00F45263 /* FoodieTests.xctest */ = {isa = PBXFileReference; explicitFileType = wrapper.cfbundle; includeInIndex = 0; path = FoodieTests.xctest; sourceTree = BUILT_PRODUCTS_DIR; };
		95240D442A0A7EBE00F45263 /* FoodieTests.swift */ = {isa = PBXFileReference; lastKnownFileType = sourcecode.swift; path = FoodieTests.swift; sourceTree = "<group>"; };
		95240D4A2A0A7EBE00F45263 /* FoodieUITests.xctest */ = {isa = PBXFileReference; explicitFileType = wrapper.cfbundle; includeInIndex = 0; path = FoodieUITests.xctest; sourceTree = BUILT_PRODUCTS_DIR; };
		95240D4E2A0A7EBE00F45263 /* FoodieUITests.swift */ = {isa = PBXFileReference; lastKnownFileType = sourcecode.swift; path = FoodieUITests.swift; sourceTree = "<group>"; };
		95240D502A0A7EBE00F45263 /* FoodieUITestsLaunchTests.swift */ = {isa = PBXFileReference; lastKnownFileType = sourcecode.swift; path = FoodieUITestsLaunchTests.swift; sourceTree = "<group>"; };
		95240D622A0B1B2300F45263 /* OnboardingViewController.swift */ = {isa = PBXFileReference; lastKnownFileType = sourcecode.swift; path = OnboardingViewController.swift; sourceTree = "<group>"; };
		95240D652A0B40B400F45263 /* UIViewExtensions.swift */ = {isa = PBXFileReference; lastKnownFileType = sourcecode.swift; path = UIViewExtensions.swift; sourceTree = "<group>"; };
		95240D672A0B440700F45263 /* OnboardingSlides.swift */ = {isa = PBXFileReference; lastKnownFileType = sourcecode.swift; path = OnboardingSlides.swift; sourceTree = "<group>"; };
		95240D692A0BCE4200F45263 /* OnboardingCollectionViewCell.swift */ = {isa = PBXFileReference; lastKnownFileType = sourcecode.swift; path = OnboardingCollectionViewCell.swift; sourceTree = "<group>"; };
/* End PBXFileReference section */

/* Begin PBXFrameworksBuildPhase section */
		95240D272A0A7EBB00F45263 /* Frameworks */ = {
			isa = PBXFrameworksBuildPhase;
			buildActionMask = 2147483647;
			files = (
			);
			runOnlyForDeploymentPostprocessing = 0;
		};
		95240D3D2A0A7EBE00F45263 /* Frameworks */ = {
			isa = PBXFrameworksBuildPhase;
			buildActionMask = 2147483647;
			files = (
			);
			runOnlyForDeploymentPostprocessing = 0;
		};
		95240D472A0A7EBE00F45263 /* Frameworks */ = {
			isa = PBXFrameworksBuildPhase;
			buildActionMask = 2147483647;
			files = (
			);
			runOnlyForDeploymentPostprocessing = 0;
		};
/* End PBXFrameworksBuildPhase section */

/* Begin PBXGroup section */
		95240D212A0A7EBB00F45263 = {
			isa = PBXGroup;
			children = (
				95240D2C2A0A7EBB00F45263 /* Foodie */,
				95240D432A0A7EBE00F45263 /* FoodieTests */,
				95240D4D2A0A7EBE00F45263 /* FoodieUITests */,
				95240D2B2A0A7EBB00F45263 /* Products */,
			);
			sourceTree = "<group>";
		};
		95240D2B2A0A7EBB00F45263 /* Products */ = {
			isa = PBXGroup;
			children = (
				95240D2A2A0A7EBB00F45263 /* Foodie.app */,
				95240D402A0A7EBE00F45263 /* FoodieTests.xctest */,
				95240D4A2A0A7EBE00F45263 /* FoodieUITests.xctest */,
			);
			name = Products;
			sourceTree = "<group>";
		};
		95240D2C2A0A7EBB00F45263 /* Foodie */ = {
			isa = PBXGroup;
			children = (
				95240D642A0B408100F45263 /* Extensions */,
				95240D5F2A0B1A8700F45263 /* Model */,
				95240D602A0B1A9200F45263 /* View */,
				95240D2D2A0A7EBB00F45263 /* AppDelegate.swift */,
				95240D2F2A0A7EBB00F45263 /* SceneDelegate.swift */,
				95240D332A0A7EBB00F45263 /* Main.storyboard */,
				95240D362A0A7EBE00F45263 /* Assets.xcassets */,
				95240D382A0A7EBE00F45263 /* LaunchScreen.storyboard */,
				95240D3B2A0A7EBE00F45263 /* Info.plist */,
			);
			path = Foodie;
			sourceTree = "<group>";
		};
		95240D432A0A7EBE00F45263 /* FoodieTests */ = {
			isa = PBXGroup;
			children = (
				95240D442A0A7EBE00F45263 /* FoodieTests.swift */,
			);
			path = FoodieTests;
			sourceTree = "<group>";
		};
		95240D4D2A0A7EBE00F45263 /* FoodieUITests */ = {
			isa = PBXGroup;
			children = (
				95240D4E2A0A7EBE00F45263 /* FoodieUITests.swift */,
				95240D502A0A7EBE00F45263 /* FoodieUITestsLaunchTests.swift */,
			);
			path = FoodieUITests;
			sourceTree = "<group>";
		};
		95240D5F2A0B1A8700F45263 /* Model */ = {
			isa = PBXGroup;
			children = (
				95240D672A0B440700F45263 /* OnboardingSlides.swift */,
			);
			path = Model;
			sourceTree = "<group>";
		};
		95240D602A0B1A9200F45263 /* View */ = {
			isa = PBXGroup;
			children = (
				95240D612A0B1ACE00F45263 /* OnBoarding */,
			);
			path = View;
			sourceTree = "<group>";
		};
		95240D612A0B1ACE00F45263 /* OnBoarding */ = {
			isa = PBXGroup;
			children = (
				95240D622A0B1B2300F45263 /* OnboardingViewController.swift */,
				95240D692A0BCE4200F45263 /* OnboardingCollectionViewCell.swift */,
			);
			path = OnBoarding;
			sourceTree = "<group>";
		};
		95240D642A0B408100F45263 /* Extensions */ = {
			isa = PBXGroup;
			children = (
				95240D652A0B40B400F45263 /* UIViewExtensions.swift */,
			);
			path = Extensions;
			sourceTree = "<group>";
		};
/* End PBXGroup section */

/* Begin PBXNativeTarget section */
		95240D292A0A7EBB00F45263 /* Foodie */ = {
			isa = PBXNativeTarget;
			buildConfigurationList = 95240D542A0A7EBE00F45263 /* Build configuration list for PBXNativeTarget "Foodie" */;
			buildPhases = (
				95240D262A0A7EBB00F45263 /* Sources */,
				95240D272A0A7EBB00F45263 /* Frameworks */,
				95240D282A0A7EBB00F45263 /* Resources */,
			);
			buildRules = (
			);
			dependencies = (
			);
			name = Foodie;
			productName = Foodie;
			productReference = 95240D2A2A0A7EBB00F45263 /* Foodie.app */;
			productType = "com.apple.product-type.application";
		};
		95240D3F2A0A7EBE00F45263 /* FoodieTests */ = {
			isa = PBXNativeTarget;
			buildConfigurationList = 95240D572A0A7EBE00F45263 /* Build configuration list for PBXNativeTarget "FoodieTests" */;
			buildPhases = (
				95240D3C2A0A7EBE00F45263 /* Sources */,
				95240D3D2A0A7EBE00F45263 /* Frameworks */,
				95240D3E2A0A7EBE00F45263 /* Resources */,
			);
			buildRules = (
			);
			dependencies = (
				95240D422A0A7EBE00F45263 /* PBXTargetDependency */,
			);
			name = FoodieTests;
			productName = FoodieTests;
			productReference = 95240D402A0A7EBE00F45263 /* FoodieTests.xctest */;
			productType = "com.apple.product-type.bundle.unit-test";
		};
		95240D492A0A7EBE00F45263 /* FoodieUITests */ = {
			isa = PBXNativeTarget;
			buildConfigurationList = 95240D5A2A0A7EBE00F45263 /* Build configuration list for PBXNativeTarget "FoodieUITests" */;
			buildPhases = (
				95240D462A0A7EBE00F45263 /* Sources */,
				95240D472A0A7EBE00F45263 /* Frameworks */,
				95240D482A0A7EBE00F45263 /* Resources */,
			);
			buildRules = (
			);
			dependencies = (
				95240D4C2A0A7EBE00F45263 /* PBXTargetDependency */,
			);
			name = FoodieUITests;
			productName = FoodieUITests;
			productReference = 95240D4A2A0A7EBE00F45263 /* FoodieUITests.xctest */;
			productType = "com.apple.product-type.bundle.ui-testing";
		};
/* End PBXNativeTarget section */

/* Begin PBXProject section */
		95240D222A0A7EBB00F45263 /* Project object */ = {
			isa = PBXProject;
			attributes = {
				BuildIndependentTargetsInParallel = 1;
				LastSwiftUpdateCheck = 1430;
				LastUpgradeCheck = 1430;
				TargetAttributes = {
					95240D292A0A7EBB00F45263 = {
						CreatedOnToolsVersion = 14.3;
					};
					95240D3F2A0A7EBE00F45263 = {
						CreatedOnToolsVersion = 14.3;
						TestTargetID = 95240D292A0A7EBB00F45263;
					};
					95240D492A0A7EBE00F45263 = {
						CreatedOnToolsVersion = 14.3;
						TestTargetID = 95240D292A0A7EBB00F45263;
					};
				};
			};
			buildConfigurationList = 95240D252A0A7EBB00F45263 /* Build configuration list for PBXProject "Foodie" */;
			compatibilityVersion = "Xcode 14.0";
			developmentRegion = en;
			hasScannedForEncodings = 0;
			knownRegions = (
				en,
				Base,
			);
			mainGroup = 95240D212A0A7EBB00F45263;
			productRefGroup = 95240D2B2A0A7EBB00F45263 /* Products */;
			projectDirPath = "";
			projectRoot = "";
			targets = (
				95240D292A0A7EBB00F45263 /* Foodie */,
				95240D3F2A0A7EBE00F45263 /* FoodieTests */,
				95240D492A0A7EBE00F45263 /* FoodieUITests */,
			);
		};
/* End PBXProject section */

/* Begin PBXResourcesBuildPhase section */
		95240D282A0A7EBB00F45263 /* Resources */ = {
			isa = PBXResourcesBuildPhase;
			buildActionMask = 2147483647;
			files = (
				95240D3A2A0A7EBE00F45263 /* LaunchScreen.storyboard in Resources */,
				95240D372A0A7EBE00F45263 /* Assets.xcassets in Resources */,
				95240D352A0A7EBB00F45263 /* Main.storyboard in Resources */,
			);
			runOnlyForDeploymentPostprocessing = 0;
		};
		95240D3E2A0A7EBE00F45263 /* Resources */ = {
			isa = PBXResourcesBuildPhase;
			buildActionMask = 2147483647;
			files = (
			);
			runOnlyForDeploymentPostprocessing = 0;
		};
		95240D482A0A7EBE00F45263 /* Resources */ = {
			isa = PBXResourcesBuildPhase;
			buildActionMask = 2147483647;
			files = (
			);
			runOnlyForDeploymentPostprocessing = 0;
		};
/* End PBXResourcesBuildPhase section */

/* Begin PBXSourcesBuildPhase section */
		95240D262A0A7EBB00F45263 /* Sources */ = {
			isa = PBXSourcesBuildPhase;
			buildActionMask = 2147483647;
			files = (
				95240D2E2A0A7EBB00F45263 /* AppDelegate.swift in Sources */,
				95240D302A0A7EBB00F45263 /* SceneDelegate.swift in Sources */,
				95240D682A0B440700F45263 /* OnboardingSlides.swift in Sources */,
				95240D662A0B40B400F45263 /* UIViewExtensions.swift in Sources */,
				95240D632A0B1B2300F45263 /* OnboardingViewController.swift in Sources */,
				95240D6A2A0BCE4300F45263 /* OnboardingCollectionViewCell.swift in Sources */,
			);
			runOnlyForDeploymentPostprocessing = 0;
		};
		95240D3C2A0A7EBE00F45263 /* Sources */ = {
			isa = PBXSourcesBuildPhase;
			buildActionMask = 2147483647;
			files = (
				95240D452A0A7EBE00F45263 /* FoodieTests.swift in Sources */,
			);
			runOnlyForDeploymentPostprocessing = 0;
		};
		95240D462A0A7EBE00F45263 /* Sources */ = {
			isa = PBXSourcesBuildPhase;
			buildActionMask = 2147483647;
			files = (
				95240D512A0A7EBE00F45263 /* FoodieUITestsLaunchTests.swift in Sources */,
				95240D4F2A0A7EBE00F45263 /* FoodieUITests.swift in Sources */,
			);
			runOnlyForDeploymentPostprocessing = 0;
		};
/* End PBXSourcesBuildPhase section */

/* Begin PBXTargetDependency section */
		95240D422A0A7EBE00F45263 /* PBXTargetDependency */ = {
			isa = PBXTargetDependency;
			target = 95240D292A0A7EBB00F45263 /* Foodie */;
			targetProxy = 95240D412A0A7EBE00F45263 /* PBXContainerItemProxy */;
		};
		95240D4C2A0A7EBE00F45263 /* PBXTargetDependency */ = {
			isa = PBXTargetDependency;
			target = 95240D292A0A7EBB00F45263 /* Foodie */;
			targetProxy = 95240D4B2A0A7EBE00F45263 /* PBXContainerItemProxy */;
		};
/* End PBXTargetDependency section */

/* Begin PBXVariantGroup section */
		95240D332A0A7EBB00F45263 /* Main.storyboard */ = {
			isa = PBXVariantGroup;
			children = (
				95240D342A0A7EBB00F45263 /* Base */,
			);
			name = Main.storyboard;
			sourceTree = "<group>";
		};
		95240D382A0A7EBE00F45263 /* LaunchScreen.storyboard */ = {
			isa = PBXVariantGroup;
			children = (
				95240D392A0A7EBE00F45263 /* Base */,
			);
			name = LaunchScreen.storyboard;
			sourceTree = "<group>";
		};
/* End PBXVariantGroup section */

/* Begin XCBuildConfiguration section */
		95240D522A0A7EBE00F45263 /* Debug */ = {
			isa = XCBuildConfiguration;
			buildSettings = {
				ALWAYS_SEARCH_USER_PATHS = NO;
				CLANG_ANALYZER_NONNULL = YES;
				CLANG_ANALYZER_NUMBER_OBJECT_CONVERSION = YES_AGGRESSIVE;
				CLANG_CXX_LANGUAGE_STANDARD = "gnu++20";
				CLANG_ENABLE_MODULES = YES;
				CLANG_ENABLE_OBJC_ARC = YES;
				CLANG_ENABLE_OBJC_WEAK = YES;
				CLANG_WARN_BLOCK_CAPTURE_AUTORELEASING = YES;
				CLANG_WARN_BOOL_CONVERSION = YES;
				CLANG_WARN_COMMA = YES;
				CLANG_WARN_CONSTANT_CONVERSION = YES;
				CLANG_WARN_DEPRECATED_OBJC_IMPLEMENTATIONS = YES;
				CLANG_WARN_DIRECT_OBJC_ISA_USAGE = YES_ERROR;
				CLANG_WARN_DOCUMENTATION_COMMENTS = YES;
				CLANG_WARN_EMPTY_BODY = YES;
				CLANG_WARN_ENUM_CONVERSION = YES;
				CLANG_WARN_INFINITE_RECURSION = YES;
				CLANG_WARN_INT_CONVERSION = YES;
				CLANG_WARN_NON_LITERAL_NULL_CONVERSION = YES;
				CLANG_WARN_OBJC_IMPLICIT_RETAIN_SELF = YES;
				CLANG_WARN_OBJC_LITERAL_CONVERSION = YES;
				CLANG_WARN_OBJC_ROOT_CLASS = YES_ERROR;
				CLANG_WARN_QUOTED_INCLUDE_IN_FRAMEWORK_HEADER = YES;
				CLANG_WARN_RANGE_LOOP_ANALYSIS = YES;
				CLANG_WARN_STRICT_PROTOTYPES = YES;
				CLANG_WARN_SUSPICIOUS_MOVE = YES;
				CLANG_WARN_UNGUARDED_AVAILABILITY = YES_AGGRESSIVE;
				CLANG_WARN_UNREACHABLE_CODE = YES;
				CLANG_WARN__DUPLICATE_METHOD_MATCH = YES;
				COPY_PHASE_STRIP = NO;
				DEBUG_INFORMATION_FORMAT = dwarf;
				ENABLE_STRICT_OBJC_MSGSEND = YES;
				ENABLE_TESTABILITY = YES;
				GCC_C_LANGUAGE_STANDARD = gnu11;
				GCC_DYNAMIC_NO_PIC = NO;
				GCC_NO_COMMON_BLOCKS = YES;
				GCC_OPTIMIZATION_LEVEL = 0;
				GCC_PREPROCESSOR_DEFINITIONS = (
					"DEBUG=1",
					"$(inherited)",
				);
				GCC_WARN_64_TO_32_BIT_CONVERSION = YES;
				GCC_WARN_ABOUT_RETURN_TYPE = YES_ERROR;
				GCC_WARN_UNDECLARED_SELECTOR = YES;
				GCC_WARN_UNINITIALIZED_AUTOS = YES_AGGRESSIVE;
				GCC_WARN_UNUSED_FUNCTION = YES;
				GCC_WARN_UNUSED_VARIABLE = YES;
				IPHONEOS_DEPLOYMENT_TARGET = 16.4;
				MTL_ENABLE_DEBUG_INFO = INCLUDE_SOURCE;
				MTL_FAST_MATH = YES;
				ONLY_ACTIVE_ARCH = YES;
				SDKROOT = iphoneos;
				SWIFT_ACTIVE_COMPILATION_CONDITIONS = DEBUG;
				SWIFT_OPTIMIZATION_LEVEL = "-Onone";
			};
			name = Debug;
		};
		95240D532A0A7EBE00F45263 /* Release */ = {
			isa = XCBuildConfiguration;
			buildSettings = {
				ALWAYS_SEARCH_USER_PATHS = NO;
				CLANG_ANALYZER_NONNULL = YES;
				CLANG_ANALYZER_NUMBER_OBJECT_CONVERSION = YES_AGGRESSIVE;
				CLANG_CXX_LANGUAGE_STANDARD = "gnu++20";
				CLANG_ENABLE_MODULES = YES;
				CLANG_ENABLE_OBJC_ARC = YES;
				CLANG_ENABLE_OBJC_WEAK = YES;
				CLANG_WARN_BLOCK_CAPTURE_AUTORELEASING = YES;
				CLANG_WARN_BOOL_CONVERSION = YES;
				CLANG_WARN_COMMA = YES;
				CLANG_WARN_CONSTANT_CONVERSION = YES;
				CLANG_WARN_DEPRECATED_OBJC_IMPLEMENTATIONS = YES;
				CLANG_WARN_DIRECT_OBJC_ISA_USAGE = YES_ERROR;
				CLANG_WARN_DOCUMENTATION_COMMENTS = YES;
				CLANG_WARN_EMPTY_BODY = YES;
				CLANG_WARN_ENUM_CONVERSION = YES;
				CLANG_WARN_INFINITE_RECURSION = YES;
				CLANG_WARN_INT_CONVERSION = YES;
				CLANG_WARN_NON_LITERAL_NULL_CONVERSION = YES;
				CLANG_WARN_OBJC_IMPLICIT_RETAIN_SELF = YES;
				CLANG_WARN_OBJC_LITERAL_CONVERSION = YES;
				CLANG_WARN_OBJC_ROOT_CLASS = YES_ERROR;
				CLANG_WARN_QUOTED_INCLUDE_IN_FRAMEWORK_HEADER = YES;
				CLANG_WARN_RANGE_LOOP_ANALYSIS = YES;
				CLANG_WARN_STRICT_PROTOTYPES = YES;
				CLANG_WARN_SUSPICIOUS_MOVE = YES;
				CLANG_WARN_UNGUARDED_AVAILABILITY = YES_AGGRESSIVE;
				CLANG_WARN_UNREACHABLE_CODE = YES;
				CLANG_WARN__DUPLICATE_METHOD_MATCH = YES;
				COPY_PHASE_STRIP = NO;
				DEBUG_INFORMATION_FORMAT = "dwarf-with-dsym";
				ENABLE_NS_ASSERTIONS = NO;
				ENABLE_STRICT_OBJC_MSGSEND = YES;
				GCC_C_LANGUAGE_STANDARD = gnu11;
				GCC_NO_COMMON_BLOCKS = YES;
				GCC_WARN_64_TO_32_BIT_CONVERSION = YES;
				GCC_WARN_ABOUT_RETURN_TYPE = YES_ERROR;
				GCC_WARN_UNDECLARED_SELECTOR = YES;
				GCC_WARN_UNINITIALIZED_AUTOS = YES_AGGRESSIVE;
				GCC_WARN_UNUSED_FUNCTION = YES;
				GCC_WARN_UNUSED_VARIABLE = YES;
				IPHONEOS_DEPLOYMENT_TARGET = 16.4;
				MTL_ENABLE_DEBUG_INFO = NO;
				MTL_FAST_MATH = YES;
				SDKROOT = iphoneos;
				SWIFT_COMPILATION_MODE = wholemodule;
				SWIFT_OPTIMIZATION_LEVEL = "-O";
				VALIDATE_PRODUCT = YES;
			};
			name = Release;
		};
		95240D552A0A7EBE00F45263 /* Debug */ = {
			isa = XCBuildConfiguration;
			buildSettings = {
				ASSETCATALOG_COMPILER_APPICON_NAME = AppIcon;
				ASSETCATALOG_COMPILER_GLOBAL_ACCENT_COLOR_NAME = AccentColor;
				CODE_SIGN_STYLE = Automatic;
				CURRENT_PROJECT_VERSION = 1;
				DEVELOPMENT_TEAM = 5F93SMYAKP;
				GENERATE_INFOPLIST_FILE = YES;
				INFOPLIST_FILE = Foodie/Info.plist;
				INFOPLIST_KEY_UIApplicationSupportsIndirectInputEvents = YES;
				INFOPLIST_KEY_UILaunchStoryboardName = LaunchScreen;
				INFOPLIST_KEY_UIMainStoryboardFile = Main;
				INFOPLIST_KEY_UISupportedInterfaceOrientations_iPad = "UIInterfaceOrientationPortrait UIInterfaceOrientationPortraitUpsideDown UIInterfaceOrientationLandscapeLeft UIInterfaceOrientationLandscapeRight";
				INFOPLIST_KEY_UISupportedInterfaceOrientations_iPhone = "UIInterfaceOrientationPortrait UIInterfaceOrientationLandscapeLeft UIInterfaceOrientationLandscapeRight";
				LD_RUNPATH_SEARCH_PATHS = (
					"$(inherited)",
					"@executable_path/Frameworks",
				);
				MARKETING_VERSION = 1.0;
				PRODUCT_BUNDLE_IDENTIFIER = yolimaPereira.Foodie;
				PRODUCT_NAME = "$(TARGET_NAME)";
				SWIFT_EMIT_LOC_STRINGS = YES;
				SWIFT_VERSION = 5.0;
				TARGETED_DEVICE_FAMILY = "1,2";
			};
			name = Debug;
		};
		95240D562A0A7EBE00F45263 /* Release */ = {
			isa = XCBuildConfiguration;
			buildSettings = {
				ASSETCATALOG_COMPILER_APPICON_NAME = AppIcon;
				ASSETCATALOG_COMPILER_GLOBAL_ACCENT_COLOR_NAME = AccentColor;
				CODE_SIGN_STYLE = Automatic;
				CURRENT_PROJECT_VERSION = 1;
				DEVELOPMENT_TEAM = 5F93SMYAKP;
				GENERATE_INFOPLIST_FILE = YES;
				INFOPLIST_FILE = Foodie/Info.plist;
				INFOPLIST_KEY_UIApplicationSupportsIndirectInputEvents = YES;
				INFOPLIST_KEY_UILaunchStoryboardName = LaunchScreen;
				INFOPLIST_KEY_UIMainStoryboardFile = Main;
				INFOPLIST_KEY_UISupportedInterfaceOrientations_iPad = "UIInterfaceOrientationPortrait UIInterfaceOrientationPortraitUpsideDown UIInterfaceOrientationLandscapeLeft UIInterfaceOrientationLandscapeRight";
				INFOPLIST_KEY_UISupportedInterfaceOrientations_iPhone = "UIInterfaceOrientationPortrait UIInterfaceOrientationLandscapeLeft UIInterfaceOrientationLandscapeRight";
				LD_RUNPATH_SEARCH_PATHS = (
					"$(inherited)",
					"@executable_path/Frameworks",
				);
				MARKETING_VERSION = 1.0;
				PRODUCT_BUNDLE_IDENTIFIER = yolimaPereira.Foodie;
				PRODUCT_NAME = "$(TARGET_NAME)";
				SWIFT_EMIT_LOC_STRINGS = YES;
				SWIFT_VERSION = 5.0;
				TARGETED_DEVICE_FAMILY = "1,2";
			};
			name = Release;
		};
		95240D582A0A7EBE00F45263 /* Debug */ = {
			isa = XCBuildConfiguration;
			buildSettings = {
				ALWAYS_EMBED_SWIFT_STANDARD_LIBRARIES = YES;
				BUNDLE_LOADER = "$(TEST_HOST)";
				CODE_SIGN_STYLE = Automatic;
				CURRENT_PROJECT_VERSION = 1;
				DEVELOPMENT_TEAM = 5F93SMYAKP;
				GENERATE_INFOPLIST_FILE = YES;
				IPHONEOS_DEPLOYMENT_TARGET = 16.4;
				MARKETING_VERSION = 1.0;
				PRODUCT_BUNDLE_IDENTIFIER = yolimaPereira.FoodieTests;
				PRODUCT_NAME = "$(TARGET_NAME)";
				SWIFT_EMIT_LOC_STRINGS = NO;
				SWIFT_VERSION = 5.0;
				TARGETED_DEVICE_FAMILY = "1,2";
				TEST_HOST = "$(BUILT_PRODUCTS_DIR)/Foodie.app/$(BUNDLE_EXECUTABLE_FOLDER_PATH)/Foodie";
			};
			name = Debug;
		};
		95240D592A0A7EBE00F45263 /* Release */ = {
			isa = XCBuildConfiguration;
			buildSettings = {
				ALWAYS_EMBED_SWIFT_STANDARD_LIBRARIES = YES;
				BUNDLE_LOADER = "$(TEST_HOST)";
				CODE_SIGN_STYLE = Automatic;
				CURRENT_PROJECT_VERSION = 1;
				DEVELOPMENT_TEAM = 5F93SMYAKP;
				GENERATE_INFOPLIST_FILE = YES;
				IPHONEOS_DEPLOYMENT_TARGET = 16.4;
				MARKETING_VERSION = 1.0;
				PRODUCT_BUNDLE_IDENTIFIER = yolimaPereira.FoodieTests;
				PRODUCT_NAME = "$(TARGET_NAME)";
				SWIFT_EMIT_LOC_STRINGS = NO;
				SWIFT_VERSION = 5.0;
				TARGETED_DEVICE_FAMILY = "1,2";
				TEST_HOST = "$(BUILT_PRODUCTS_DIR)/Foodie.app/$(BUNDLE_EXECUTABLE_FOLDER_PATH)/Foodie";
			};
			name = Release;
		};
		95240D5B2A0A7EBE00F45263 /* Debug */ = {
			isa = XCBuildConfiguration;
			buildSettings = {
				ALWAYS_EMBED_SWIFT_STANDARD_LIBRARIES = YES;
				CODE_SIGN_STYLE = Automatic;
				CURRENT_PROJECT_VERSION = 1;
				DEVELOPMENT_TEAM = 5F93SMYAKP;
				GENERATE_INFOPLIST_FILE = YES;
				MARKETING_VERSION = 1.0;
				PRODUCT_BUNDLE_IDENTIFIER = yolimaPereira.FoodieUITests;
				PRODUCT_NAME = "$(TARGET_NAME)";
				SWIFT_EMIT_LOC_STRINGS = NO;
				SWIFT_VERSION = 5.0;
				TARGETED_DEVICE_FAMILY = "1,2";
				TEST_TARGET_NAME = Foodie;
			};
			name = Debug;
		};
		95240D5C2A0A7EBE00F45263 /* Release */ = {
			isa = XCBuildConfiguration;
			buildSettings = {
				ALWAYS_EMBED_SWIFT_STANDARD_LIBRARIES = YES;
				CODE_SIGN_STYLE = Automatic;
				CURRENT_PROJECT_VERSION = 1;
				DEVELOPMENT_TEAM = 5F93SMYAKP;
				GENERATE_INFOPLIST_FILE = YES;
				MARKETING_VERSION = 1.0;
				PRODUCT_BUNDLE_IDENTIFIER = yolimaPereira.FoodieUITests;
				PRODUCT_NAME = "$(TARGET_NAME)";
				SWIFT_EMIT_LOC_STRINGS = NO;
				SWIFT_VERSION = 5.0;
				TARGETED_DEVICE_FAMILY = "1,2";
				TEST_TARGET_NAME = Foodie;
			};
			name = Release;
		};
/* End XCBuildConfiguration section */

/* Begin XCConfigurationList section */
		95240D252A0A7EBB00F45263 /* Build configuration list for PBXProject "Foodie" */ = {
			isa = XCConfigurationList;
			buildConfigurations = (
				95240D522A0A7EBE00F45263 /* Debug */,
				95240D532A0A7EBE00F45263 /* Release */,
			);
			defaultConfigurationIsVisible = 0;
			defaultConfigurationName = Release;
		};
		95240D542A0A7EBE00F45263 /* Build configuration list for PBXNativeTarget "Foodie" */ = {
			isa = XCConfigurationList;
			buildConfigurations = (
				95240D552A0A7EBE00F45263 /* Debug */,
				95240D562A0A7EBE00F45263 /* Release */,
			);
			defaultConfigurationIsVisible = 0;
			defaultConfigurationName = Release;
		};
		95240D572A0A7EBE00F45263 /* Build configuration list for PBXNativeTarget "FoodieTests" */ = {
			isa = XCConfigurationList;
			buildConfigurations = (
				95240D582A0A7EBE00F45263 /* Debug */,
				95240D592A0A7EBE00F45263 /* Release */,
			);
			defaultConfigurationIsVisible = 0;
			defaultConfigurationName = Release;
		};
		95240D5A2A0A7EBE00F45263 /* Build configuration list for PBXNativeTarget "FoodieUITests" */ = {
			isa = XCConfigurationList;
			buildConfigurations = (
				95240D5B2A0A7EBE00F45263 /* Debug */,
				95240D5C2A0A7EBE00F45263 /* Release */,
			);
			defaultConfigurationIsVisible = 0;
			defaultConfigurationName = Release;
		};
/* End XCConfigurationList section */
	};
	rootObject = 95240D222A0A7EBB00F45263 /* Project object */;
}
